// !$*UTF8*$!
{
	archiveVersion = 1;
	classes = {
	};
	objectVersion = 46;
	objects = {

/* Begin PBXBuildFile section */
		A14805DC16EBB9B800826CA9 /* UIKit.framework in Frameworks */ = {isa = PBXBuildFile; fileRef = A14805DB16EBB9B800826CA9 /* UIKit.framework */; };
		A14805DE16EBB9B800826CA9 /* Foundation.framework in Frameworks */ = {isa = PBXBuildFile; fileRef = A14805DD16EBB9B800826CA9 /* Foundation.framework */; };
		A14805E016EBB9B800826CA9 /* CoreGraphics.framework in Frameworks */ = {isa = PBXBuildFile; fileRef = A14805DF16EBB9B800826CA9 /* CoreGraphics.framework */; };
		A14805E216EBB9B800826CA9 /* CoreData.framework in Frameworks */ = {isa = PBXBuildFile; fileRef = A14805E116EBB9B800826CA9 /* CoreData.framework */; };
		A14805E816EBB9B800826CA9 /* InfoPlist.strings in Resources */ = {isa = PBXBuildFile; fileRef = A14805E616EBB9B800826CA9 /* InfoPlist.strings */; };
		A14805EA16EBB9B800826CA9 /* main.m in Sources */ = {isa = PBXBuildFile; fileRef = A14805E916EBB9B800826CA9 /* main.m */; };
		A14805EE16EBB9B800826CA9 /* AppDelegate.m in Sources */ = {isa = PBXBuildFile; fileRef = A14805ED16EBB9B800826CA9 /* AppDelegate.m */; };
		A14805F016EBB9B800826CA9 /* Default.png in Resources */ = {isa = PBXBuildFile; fileRef = A14805EF16EBB9B800826CA9 /* Default.png */; };
		A14805F216EBB9B800826CA9 /* Default@2x.png in Resources */ = {isa = PBXBuildFile; fileRef = A14805F116EBB9B800826CA9 /* Default@2x.png */; };
		A14805F416EBB9B800826CA9 /* Default-568h@2x.png in Resources */ = {isa = PBXBuildFile; fileRef = A14805F316EBB9B800826CA9 /* Default-568h@2x.png */; };
		A14805F716EBB9B800826CA9 /* isbn.xcdatamodeld in Sources */ = {isa = PBXBuildFile; fileRef = A14805F516EBB9B800826CA9 /* isbn.xcdatamodeld */; };
		A148060516EBBA5700826CA9 /* ControladoraViewController.m in Sources */ = {isa = PBXBuildFile; fileRef = A148060316EBBA5700826CA9 /* ControladoraViewController.m */; };
		A148060616EBBA5700826CA9 /* ControladoraViewController.xib in Resources */ = {isa = PBXBuildFile; fileRef = A148060416EBBA5700826CA9 /* ControladoraViewController.xib */; };
/* End PBXBuildFile section */

/* Begin PBXFileReference section */
		A14805D816EBB9B800826CA9 /* isbn.app */ = {isa = PBXFileReference; explicitFileType = wrapper.application; includeInIndex = 0; path = isbn.app; sourceTree = BUILT_PRODUCTS_DIR; };
		A14805DB16EBB9B800826CA9 /* UIKit.framework */ = {isa = PBXFileReference; lastKnownFileType = wrapper.framework; name = UIKit.framework; path = System/Library/Frameworks/UIKit.framework; sourceTree = SDKROOT; };
		A14805DD16EBB9B800826CA9 /* Foundation.framework */ = {isa = PBXFileReference; lastKnownFileType = wrapper.framework; name = Foundation.framework; path = System/Library/Frameworks/Foundation.framework; sourceTree = SDKROOT; };
		A14805DF16EBB9B800826CA9 /* CoreGraphics.framework */ = {isa = PBXFileReference; lastKnownFileType = wrapper.framework; name = CoreGraphics.framework; path = System/Library/Frameworks/CoreGraphics.framework; sourceTree = SDKROOT; };
		A14805E116EBB9B800826CA9 /* CoreData.framework */ = {isa = PBXFileReference; lastKnownFileType = wrapper.framework; name = CoreData.framework; path = System/Library/Frameworks/CoreData.framework; sourceTree = SDKROOT; };
		A14805E516EBB9B800826CA9 /* isbn-Info.plist */ = {isa = PBXFileReference; lastKnownFileType = text.plist.xml; path = "isbn-Info.plist"; sourceTree = "<group>"; };
		A14805E716EBB9B800826CA9 /* en */ = {isa = PBXFileReference; lastKnownFileType = text.plist.strings; name = en; path = en.lproj/InfoPlist.strings; sourceTree = "<group>"; };
		A14805E916EBB9B800826CA9 /* main.m */ = {isa = PBXFileReference; lastKnownFileType = sourcecode.c.objc; path = main.m; sourceTree = "<group>"; };
		A14805EB16EBB9B800826CA9 /* isbn-Prefix.pch */ = {isa = PBXFileReference; lastKnownFileType = sourcecode.c.h; path = "isbn-Prefix.pch"; sourceTree = "<group>"; };
		A14805EC16EBB9B800826CA9 /* AppDelegate.h */ = {isa = PBXFileReference; lastKnownFileType = sourcecode.c.h; path = AppDelegate.h; sourceTree = "<group>"; };
		A14805ED16EBB9B800826CA9 /* AppDelegate.m */ = {isa = PBXFileReference; lastKnownFileType = sourcecode.c.objc; path = AppDelegate.m; sourceTree = "<group>"; };
		A14805EF16EBB9B800826CA9 /* Default.png */ = {isa = PBXFileReference; lastKnownFileType = image.png; path = Default.png; sourceTree = "<group>"; };
		A14805F116EBB9B800826CA9 /* Default@2x.png */ = {isa = PBXFileReference; lastKnownFileType = image.png; path = "Default@2x.png"; sourceTree = "<group>"; };
		A14805F316EBB9B800826CA9 /* Default-568h@2x.png */ = {isa = PBXFileReference; lastKnownFileType = image.png; path = "Default-568h@2x.png"; sourceTree = "<group>"; };
		A14805F616EBB9B800826CA9 /* isbn.xcdatamodel */ = {isa = PBXFileReference; lastKnownFileType = wrapper.xcdatamodel; path = isbn.xcdatamodel; sourceTree = "<group>"; };
		A148060216EBBA5700826CA9 /* ControladoraViewController.h */ = {isa = PBXFileReference; fileEncoding = 4; lastKnownFileType = sourcecode.c.h; path = ControladoraViewController.h; sourceTree = "<group>"; };
		A148060316EBBA5700826CA9 /* ControladoraViewController.m */ = {isa = PBXFileReference; fileEncoding = 4; lastKnownFileType = sourcecode.c.objc; path = ControladoraViewController.m; sourceTree = "<group>"; };
		A148060416EBBA5700826CA9 /* ControladoraViewController.xib */ = {isa = PBXFileReference; fileEncoding = 4; lastKnownFileType = file.xib; path = ControladoraViewController.xib; sourceTree = "<group>"; };
/* End PBXFileReference section */

/* Begin PBXFrameworksBuildPhase section */
		A14805D516EBB9B800826CA9 /* Frameworks */ = {
			isa = PBXFrameworksBuildPhase;
			buildActionMask = 2147483647;
			files = (
				A14805DC16EBB9B800826CA9 /* UIKit.framework in Frameworks */,
				A14805DE16EBB9B800826CA9 /* Foundation.framework in Frameworks */,
				A14805E016EBB9B800826CA9 /* CoreGraphics.framework in Frameworks */,
				A14805E216EBB9B800826CA9 /* CoreData.framework in Frameworks */,
			);
			runOnlyForDeploymentPostprocessing = 0;
		};
/* End PBXFrameworksBuildPhase section */

/* Begin PBXGroup section */
		A14805CF16EBB9B800826CA9 = {
			isa = PBXGroup;
			children = (
				A14805E316EBB9B800826CA9 /* isbn */,
				A14805DA16EBB9B800826CA9 /* Frameworks */,
				A14805D916EBB9B800826CA9 /* Products */,
			);
			sourceTree = "<group>";
		};
		A14805D916EBB9B800826CA9 /* Products */ = {
			isa = PBXGroup;
			children = (
				A14805D816EBB9B800826CA9 /* isbn.app */,
			);
			name = Products;
			sourceTree = "<group>";
		};
		A14805DA16EBB9B800826CA9 /* Frameworks */ = {
			isa = PBXGroup;
			children = (
				A14805DB16EBB9B800826CA9 /* UIKit.framework */,
				A14805DD16EBB9B800826CA9 /* Foundation.framework */,
				A14805DF16EBB9B800826CA9 /* CoreGraphics.framework */,
				A14805E116EBB9B800826CA9 /* CoreData.framework */,
			);
			name = Frameworks;
			sourceTree = "<group>";
		};
		A14805E316EBB9B800826CA9 /* isbn */ = {
			isa = PBXGroup;
			children = (
				A14805EC16EBB9B800826CA9 /* AppDelegate.h */,
				A14805ED16EBB9B800826CA9 /* AppDelegate.m */,
				A14805F516EBB9B800826CA9 /* isbn.xcdatamodeld */,
				A14805E416EBB9B800826CA9 /* Supporting Files */,
				A148060216EBBA5700826CA9 /* ControladoraViewController.h */,
				A148060316EBBA5700826CA9 /* ControladoraViewController.m */,
				A148060416EBBA5700826CA9 /* ControladoraViewController.xib */,
			);
			path = isbn;
			sourceTree = "<group>";
		};
		A14805E416EBB9B800826CA9 /* Supporting Files */ = {
			isa = PBXGroup;
			children = (
				A14805E516EBB9B800826CA9 /* isbn-Info.plist */,
				A14805E616EBB9B800826CA9 /* InfoPlist.strings */,
				A14805E916EBB9B800826CA9 /* main.m */,
				A14805EB16EBB9B800826CA9 /* isbn-Prefix.pch */,
				A14805EF16EBB9B800826CA9 /* Default.png */,
				A14805F116EBB9B800826CA9 /* Default@2x.png */,
				A14805F316EBB9B800826CA9 /* Default-568h@2x.png */,
			);
			name = "Supporting Files";
			sourceTree = "<group>";
		};
/* End PBXGroup section */

/* Begin PBXNativeTarget section */
		A14805D716EBB9B800826CA9 /* isbn */ = {
			isa = PBXNativeTarget;
			buildConfigurationList = A14805FA16EBB9B800826CA9 /* Build configuration list for PBXNativeTarget "isbn" */;
			buildPhases = (
				A14805D416EBB9B800826CA9 /* Sources */,
				A14805D516EBB9B800826CA9 /* Frameworks */,
				A14805D616EBB9B800826CA9 /* Resources */,
			);
			buildRules = (
			);
			dependencies = (
			);
			name = isbn;
			productName = isbn;
			productReference = A14805D816EBB9B800826CA9 /* isbn.app */;
			productType = "com.apple.product-type.application";
		};
/* End PBXNativeTarget section */

/* Begin PBXProject section */
		A14805D016EBB9B800826CA9 /* Project object */ = {
			isa = PBXProject;
			attributes = {
				LastUpgradeCheck = 0460;
				ORGANIZATIONNAME = moviles;
			};
			buildConfigurationList = A14805D316EBB9B800826CA9 /* Build configuration list for PBXProject "isbn" */;
			compatibilityVersion = "Xcode 3.2";
			developmentRegion = English;
			hasScannedForEncodings = 0;
			knownRegions = (
				en,
			);
			mainGroup = A14805CF16EBB9B800826CA9;
			productRefGroup = A14805D916EBB9B800826CA9 /* Products */;
			projectDirPath = "";
			projectRoot = "";
			targets = (
				A14805D716EBB9B800826CA9 /* isbn */,
			);
		};
/* End PBXProject section */

/* Begin PBXResourcesBuildPhase section */
		A14805D616EBB9B800826CA9 /* Resources */ = {
			isa = PBXResourcesBuildPhase;
			buildActionMask = 2147483647;
			files = (
				A14805E816EBB9B800826CA9 /* InfoPlist.strings in Resources */,
				A14805F016EBB9B800826CA9 /* Default.png in Resources */,
				A14805F216EBB9B800826CA9 /* Default@2x.png in Resources */,
				A14805F416EBB9B800826CA9 /* Default-568h@2x.png in Resources */,
				A148060616EBBA5700826CA9 /* ControladoraViewController.xib in Resources */,
			);
			runOnlyForDeploymentPostprocessing = 0;
		};
/* End PBXResourcesBuildPhase section */

/* Begin PBXSourcesBuildPhase section */
		A14805D416EBB9B800826CA9 /* Sources */ = {
			isa = PBXSourcesBuildPhase;
			buildActionMask = 2147483647;
			files = (
				A14805EA16EBB9B800826CA9 /* main.m in Sources */,
				A14805EE16EBB9B800826CA9 /* AppDelegate.m in Sources */,
				A14805F716EBB9B800826CA9 /* isbn.xcdatamodeld in Sources */,
				A148060516EBBA5700826CA9 /* ControladoraViewController.m in Sources */,
			);
			runOnlyForDeploymentPostprocessing = 0;
		};
/* End PBXSourcesBuildPhase section */

/* Begin PBXVariantGroup section */
		A14805E616EBB9B800826CA9 /* InfoPlist.strings */ = {
			isa = PBXVariantGroup;
			children = (
				A14805E716EBB9B800826CA9 /* en */,
			);
			name = InfoPlist.strings;
			sourceTree = "<group>";
		};
/* End PBXVariantGroup section */

/* Begin XCBuildConfiguration section */
		A14805F816EBB9B800826CA9 /* Debug */ = {
			isa = XCBuildConfiguration;
			buildSettings = {
				ALWAYS_SEARCH_USER_PATHS = NO;
				CLANG_CXX_LANGUAGE_STANDARD = "gnu++0x";
				CLANG_CXX_LIBRARY = "libc++";
				CLANG_ENABLE_OBJC_ARC = YES;
				CLANG_WARN_CONSTANT_CONVERSION = YES;
				CLANG_WARN_EMPTY_BODY = YES;
				CLANG_WARN_ENUM_CONVERSION = YES;
				CLANG_WARN_INT_CONVERSION = YES;
				CLANG_WARN__DUPLICATE_METHOD_MATCH = YES;
				"CODE_SIGN_IDENTITY[sdk=iphoneos*]" = "iPhone Developer";
				COPY_PHASE_STRIP = NO;
				GCC_C_LANGUAGE_STANDARD = gnu99;
				GCC_DYNAMIC_NO_PIC = NO;
				GCC_OPTIMIZATION_LEVEL = 0;
				GCC_PREPROCESSOR_DEFINITIONS = (
					"DEBUG=1",
					"$(inherited)",
				);
				GCC_SYMBOLS_PRIVATE_EXTERN = NO;
				GCC_WARN_ABOUT_RETURN_TYPE = YES;
				GCC_WARN_UNINITIALIZED_AUTOS = YES;
				GCC_WARN_UNUSED_VARIABLE = YES;
				IPHONEOS_DEPLOYMENT_TARGET = 6.1;
				ONLY_ACTIVE_ARCH = YES;
				SDKROOT = iphoneos;
			};
			name = Debug;
		};
		A14805F916EBB9B800826CA9 /* Release */ = {
			isa = XCBuildConfiguration;
			buildSettings = {
				ALWAYS_SEARCH_USER_PATHS = NO;
				CLANG_CXX_LANGUAGE_STANDARD = "gnu++0x";
				CLANG_CXX_LIBRARY = "libc++";
				CLANG_ENABLE_OBJC_ARC = YES;
				CLANG_WARN_CONSTANT_CONVERSION = YES;
				CLANG_WARN_EMPTY_BODY = YES;
				CLANG_WARN_ENUM_CONVERSION = YES;
				CLANG_WARN_INT_CONVERSION = YES;
				CLANG_WARN__DUPLICATE_METHOD_MATCH = YES;
				"CODE_SIGN_IDENTITY[sdk=iphoneos*]" = "iPhone Developer";
				COPY_PHASE_STRIP = YES;
				GCC_C_LANGUAGE_STANDARD = gnu99;
				GCC_WARN_ABOUT_RETURN_TYPE = YES;
				GCC_WARN_UNINITIALIZED_AUTOS = YES;
				GCC_WARN_UNUSED_VARIABLE = YES;
				IPHONEOS_DEPLOYMENT_TARGET = 6.1;
				OTHER_CFLAGS = "-DNS_BLOCK_ASSERTIONS=1";
				SDKROOT = iphoneos;
				VALIDATE_PRODUCT = YES;
			};
			name = Release;
		};
		A14805FB16EBB9B800826CA9 /* Debug */ = {
			isa = XCBuildConfiguration;
			buildSettings = {
				GCC_PRECOMPILE_PREFIX_HEADER = YES;
				GCC_PREFIX_HEADER = "isbn/isbn-Prefix.pch";
				INFOPLIST_FILE = "isbn/isbn-Info.plist";
				PRODUCT_NAME = "$(TARGET_NAME)";
				WRAPPER_EXTENSION = app;
			};
			name = Debug;
		};
		A14805FC16EBB9B800826CA9 /* Release */ = {
			isa = XCBuildConfiguration;
			buildSettings = {
				GCC_PRECOMPILE_PREFIX_HEADER = YES;
				GCC_PREFIX_HEADER = "isbn/isbn-Prefix.pch";
				INFOPLIST_FILE = "isbn/isbn-Info.plist";
				PRODUCT_NAME = "$(TARGET_NAME)";
				WRAPPER_EXTENSION = app;
			};
			name = Release;
		};
/* End XCBuildConfiguration section */

/* Begin XCConfigurationList section */
		A14805D316EBB9B800826CA9 /* Build configuration list for PBXProject "isbn" */ = {
			isa = XCConfigurationList;
			buildConfigurations = (
				A14805F816EBB9B800826CA9 /* Debug */,
				A14805F916EBB9B800826CA9 /* Release */,
			);
			defaultConfigurationIsVisible = 0;
			defaultConfigurationName = Release;
		};
		A14805FA16EBB9B800826CA9 /* Build configuration list for PBXNativeTarget "isbn" */ = {
			isa = XCConfigurationList;
			buildConfigurations = (
				A14805FB16EBB9B800826CA9 /* Debug */,
				A14805FC16EBB9B800826CA9 /* Release */,
			);
			defaultConfigurationIsVisible = 0;
		};
/* End XCConfigurationList section */

/* Begin XCVersionGroup section */
		A14805F516EBB9B800826CA9 /* isbn.xcdatamodeld */ = {
			isa = XCVersionGroup;
			children = (
				A14805F616EBB9B800826CA9 /* isbn.xcdatamodel */,
			);
			currentVersion = A14805F616EBB9B800826CA9 /* isbn.xcdatamodel */;
			path = isbn.xcdatamodeld;
			sourceTree = "<group>";
			versionGroupType = wrapper.xcdatamodel;
		};
/* End XCVersionGroup section */
	};
	rootObject = A14805D016EBB9B800826CA9 /* Project object */;
}
